
Microsoft Visual Studio Solution File, Format Version 12.00
# Visual Studio Version 16
VisualStudioVersion = 16.0.29911.84
MinimumVisualStudioVersion = 10.0.40219.1
Project("{159641D6-6404-4A2A-AE62-294DE0FE8301}") = "Netsuite", "Netsuite\Netsuite.dtproj", "{C9D27558-C2FF-48D3-8DD0-C793A4AB7CB4}"
EndProject
Global
	GlobalSection(SolutionConfigurationPlatforms) = preSolution
		Development|Default = Development|Default
	EndGlobalSection
	GlobalSection(ProjectConfigurationPlatforms) = postSolution
		{C9D27558-C2FF-48D3-8DD0-C793A4AB7CB4}.Development|Default.ActiveCfg = Development
		{C9D27558-C2FF-48D3-8DD0-C793A4AB7CB4}.Development|Default.Build.0 = Development
	EndGlobalSection
	GlobalSection(SolutionProperties) = preSolution
		HideSolutionNode = FALSE
	EndGlobalSection
	GlobalSection(ExtensibilityGlobals) = postSolution
		SolutionGuid = {96D94559-6192-4E0D-9F2C-9D4B5E689983}
	EndGlobalSection
EndGlobal
